Microsoft Visual Studio Solution File, Format Version 12.00
# Visual Studio Version 16
VisualStudioVersion = 16.0.31205.134
MinimumVisualStudioVersion = 10.0.40219.1
Project("{9A19103F-16F7-4668-BE54-9A1E7A4F7556}") = "VSModLauncher", "VSModLauncher\VSModLauncher.csproj", "{F8F6C7DB-F8CC-4590-B81F-E1249A29BBCE}"
	ProjectSection(ProjectDependencies) = postProject
		{BD810119-80A4-433B-BEC9-F0949B1251F7} = {BD810119-80A4-433B-BEC9-F0949B1251F7}
	EndProjectSection
EndProject
Project("{9A19103F-16F7-4668-BE54-9A1E7A4F7556}") = "TranslocatorLocator", "TranslocatorLocator\TranslocatorLocator.csproj", "{BD810119-80A4-433B-BEC9-F0949B1251F7}"
EndProject
Project("{2150E333-8FDC-42A3-9474-1A3956D46DE8}") = "Solution Items", "Solution Items", "{5EFDD380-22DC-4D6C-B291-A1E275463ECE}"
	ProjectSection(SolutionItems) = preProject
		.editorconfig = .editorconfig
	EndProjectSection
EndProject
Global
	GlobalSection(SolutionConfigurationPlatforms) = preSolution
		Debug|Any CPU = Debug|Any CPU
		Release|Any CPU = Release|Any CPU
		ReleaseAndZip|Any CPU = ReleaseAndZip|Any CPU
	EndGlobalSection
	GlobalSection(ProjectConfigurationPlatforms) = postSolution
		{F8F6C7DB-F8CC-4590-B81F-E1249A29BBCE}.Debug|Any CPU.ActiveCfg = Debug|Any CPU
		{F8F6C7DB-F8CC-4590-B81F-E1249A29BBCE}.Debug|Any CPU.Build.0 = Debug|Any CPU
		{F8F6C7DB-F8CC-4590-B81F-E1249A29BBCE}.Release|Any CPU.ActiveCfg = Release|Any CPU
		{F8F6C7DB-F8CC-4590-B81F-E1249A29BBCE}.ReleaseAndZip|Any CPU.ActiveCfg = ReleaseAndZip|Any CPU
		{BD810119-80A4-433B-BEC9-F0949B1251F7}.Debug|Any CPU.ActiveCfg = Debug|Any CPU
		{BD810119-80A4-433B-BEC9-F0949B1251F7}.Debug|Any CPU.Build.0 = Debug|Any CPU
		{BD810119-80A4-433B-BEC9-F0949B1251F7}.Release|Any CPU.ActiveCfg = Release|Any CPU
		{BD810119-80A4-433B-BEC9-F0949B1251F7}.Release|Any CPU.Build.0 = Release|Any CPU
		{BD810119-80A4-433B-BEC9-F0949B1251F7}.ReleaseAndZip|Any CPU.ActiveCfg = ReleaseAndZip|Any CPU
		{BD810119-80A4-433B-BEC9-F0949B1251F7}.ReleaseAndZip|Any CPU.Build.0 = ReleaseAndZip|Any CPU
	EndGlobalSection
	GlobalSection(SolutionProperties) = preSolution
		HideSolutionNode = FALSE
	EndGlobalSection
	GlobalSection(ExtensibilityGlobals) = postSolution
		SolutionGuid = {0BBB7C1F-24FC-428C-A86F-E32F8FA37532}
	EndGlobalSection
EndGlobal
